
Microsoft Visual Studio Solution File, Format Version 12.00
Project("{FAE04EC0-301F-11D3-BF4B-00C04F79EFBC}") = "BlossomBotGitHub.FastForward", "BlossomBotGitHub.FastForward\BlossomBotGitHub.FastForward.csproj", "{F4015B1C-A821-4A3B-B1F6-A88CD78CB88E}"
EndProject
Global
	GlobalSection(SolutionConfigurationPlatforms) = preSolution
		Debug|Any CPU = Debug|Any CPU
		Release|Any CPU = Release|Any CPU
	EndGlobalSection
	GlobalSection(ProjectConfigurationPlatforms) = postSolution
		{F4015B1C-A821-4A3B-B1F6-A88CD78CB88E}.Debug|Any CPU.ActiveCfg = Debug|Any CPU
		{F4015B1C-A821-4A3B-B1F6-A88CD78CB88E}.Debug|Any CPU.Build.0 = Debug|Any CPU
		{F4015B1C-A821-4A3B-B1F6-A88CD78CB88E}.Release|Any CPU.ActiveCfg = Release|Any CPU
		{F4015B1C-A821-4A3B-B1F6-A88CD78CB88E}.Release|Any CPU.Build.0 = Release|Any CPU
	EndGlobalSection
EndGlobal
